
Microsoft Visual Studio Solution File, Format Version 12.00
# Visual Studio Version 17
VisualStudioVersion = 17.1.32210.238
MinimumVisualStudioVersion = 10.0.40219.1
Project("{FAE04EC0-301F-11D3-BF4B-00C04F79EFBC}") = "Education.Persistence", "Education.Persistence\Education.Persistence.csproj", "{42897347-731B-4DBD-9C17-6486796EC432}"
EndProject
Project("{FAE04EC0-301F-11D3-BF4B-00C04F79EFBC}") = "Education.Domain", "Education.Domain\Education.Domain.csproj", "{413403C8-311F-45ED-84AC-29E7FD5D5D8E}"
EndProject
Project("{FAE04EC0-301F-11D3-BF4B-00C04F79EFBC}") = "Education.Application", "Education.Application\Education.Application.csproj", "{BE9CD1A7-2EEF-434E-88B5-116BFDB37B4C}"
EndProject
Project("{FAE04EC0-301F-11D3-BF4B-00C04F79EFBC}") = "Education.Api", "Education.Api\Education.Api.csproj", "{297BA7CD-A7E0-423D-8D2A-A879962F223D}"
EndProject
Project("{FAE04EC0-301F-11D3-BF4B-00C04F79EFBC}") = "Education.Application.NUnitTests", "Education.Application.NUnitTests\Education.Application.NUnitTests.csproj", "{33501688-70FB-4D02-B8BB-49F39C3734E3}"
EndProject
Global
	GlobalSection(SolutionConfigurationPlatforms) = preSolution
		Debug|Any CPU = Debug|Any CPU
		Release|Any CPU = Release|Any CPU
	EndGlobalSection
	GlobalSection(ProjectConfigurationPlatforms) = postSolution
		{42897347-731B-4DBD-9C17-6486796EC432}.Debug|Any CPU.ActiveCfg = Debug|Any CPU
		{42897347-731B-4DBD-9C17-6486796EC432}.Debug|Any CPU.Build.0 = Debug|Any CPU
		{42897347-731B-4DBD-9C17-6486796EC432}.Release|Any CPU.ActiveCfg = Release|Any CPU
		{42897347-731B-4DBD-9C17-6486796EC432}.Release|Any CPU.Build.0 = Release|Any CPU
		{413403C8-311F-45ED-84AC-29E7FD5D5D8E}.Debug|Any CPU.ActiveCfg = Debug|Any CPU
		{413403C8-311F-45ED-84AC-29E7FD5D5D8E}.Debug|Any CPU.Build.0 = Debug|Any CPU
		{413403C8-311F-45ED-84AC-29E7FD5D5D8E}.Release|Any CPU.ActiveCfg = Release|Any CPU
		{413403C8-311F-45ED-84AC-29E7FD5D5D8E}.Release|Any CPU.Build.0 = Release|Any CPU
		{BE9CD1A7-2EEF-434E-88B5-116BFDB37B4C}.Debug|Any CPU.ActiveCfg = Debug|Any CPU
		{BE9CD1A7-2EEF-434E-88B5-116BFDB37B4C}.Debug|Any CPU.Build.0 = Debug|Any CPU
		{BE9CD1A7-2EEF-434E-88B5-116BFDB37B4C}.Release|Any CPU.ActiveCfg = Release|Any CPU
		{BE9CD1A7-2EEF-434E-88B5-116BFDB37B4C}.Release|Any CPU.Build.0 = Release|Any CPU
		{297BA7CD-A7E0-423D-8D2A-A879962F223D}.Debug|Any CPU.ActiveCfg = Debug|Any CPU
		{297BA7CD-A7E0-423D-8D2A-A879962F223D}.Debug|Any CPU.Build.0 = Debug|Any CPU
		{297BA7CD-A7E0-423D-8D2A-A879962F223D}.Release|Any CPU.ActiveCfg = Release|Any CPU
		{297BA7CD-A7E0-423D-8D2A-A879962F223D}.Release|Any CPU.Build.0 = Release|Any CPU
		{33501688-70FB-4D02-B8BB-49F39C3734E3}.Debug|Any CPU.ActiveCfg = Debug|Any CPU
		{33501688-70FB-4D02-B8BB-49F39C3734E3}.Debug|Any CPU.Build.0 = Debug|Any CPU
		{33501688-70FB-4D02-B8BB-49F39C3734E3}.Release|Any CPU.ActiveCfg = Release|Any CPU
		{33501688-70FB-4D02-B8BB-49F39C3734E3}.Release|Any CPU.Build.0 = Release|Any CPU
	EndGlobalSection
	GlobalSection(SolutionProperties) = preSolution
		HideSolutionNode = FALSE
	EndGlobalSection
	GlobalSection(ExtensibilityGlobals) = postSolution
		SolutionGuid = {1AA5AE3F-FC9D-41E7-A0B8-FBE0A6B9FC0F}
	EndGlobalSection
EndGlobal
